// !$*UTF8*$!
{
	archiveVersion = 1;
	classes = {
	};
	objectVersion = 46;
	objects = {

/* Begin PBXBuildFile section */
		4ADD4C4237E5BFD2CA9D37D3 /* libPods.a in Frameworks */ = {isa = PBXBuildFile; fileRef = 10DC9880F0FD6BE849ED8A5F /* libPods.a */; };
		9A1FEB3B1C9EE1770067B8D5 /* BaseViewController.m in Sources */ = {isa = PBXBuildFile; fileRef = 9A1FEB3A1C9EE1770067B8D5 /* BaseViewController.m */; };
		9A1FEB401C9EE4D20067B8D5 /* RequestBaseAPI.m in Sources */ = {isa = PBXBuildFile; fileRef = 9A1FEB3F1C9EE4D20067B8D5 /* RequestBaseAPI.m */; };
		9A1FEB441C9EEA120067B8D5 /* ResponseBaseData.m in Sources */ = {isa = PBXBuildFile; fileRef = 9A1FEB431C9EEA120067B8D5 /* ResponseBaseData.m */; };
		9A1FEB4A1C9EF3C90067B8D5 /* GTMBase64.m in Sources */ = {isa = PBXBuildFile; fileRef = 9A1FEB481C9EF3C90067B8D5 /* GTMBase64.m */; settings = {COMPILER_FLAGS = "-fno-objc-arc"; }; };
		9A1FEB501C9EF44A0067B8D5 /* GTMBase64+Des.m in Sources */ = {isa = PBXBuildFile; fileRef = 9A1FEB4F1C9EF44A0067B8D5 /* GTMBase64+Des.m */; };
		9A1FEB571C9EF69A0067B8D5 /* RequestBaseAPI+User.m in Sources */ = {isa = PBXBuildFile; fileRef = 9A1FEB561C9EF69A0067B8D5 /* RequestBaseAPI+User.m */; };
		9A637DB61CA182FB004D17BA /* MainViewModel.m in Sources */ = {isa = PBXBuildFile; fileRef = 9A637DB51CA182FB004D17BA /* MainViewModel.m */; };
		9A637DB91CA1831F004D17BA /* RequestBaseAPI+Main.m in Sources */ = {isa = PBXBuildFile; fileRef = 9A637DB81CA1831F004D17BA /* RequestBaseAPI+Main.m */; };
		9A637DBD1CA18711004D17BA /* MainViewController.m in Sources */ = {isa = PBXBuildFile; fileRef = 9A637DBC1CA18711004D17BA /* MainViewController.m */; };
		9A637DC11CA18993004D17BA /* TempViewController.m in Sources */ = {isa = PBXBuildFile; fileRef = 9A637DBF1CA18993004D17BA /* TempViewController.m */; };
		9A637DC21CA18993004D17BA /* TempViewController.xib in Resources */ = {isa = PBXBuildFile; fileRef = 9A637DC01CA18993004D17BA /* TempViewController.xib */; };
		9A637DC61CA2D7D6004D17BA /* TourismTypeCell.m in Sources */ = {isa = PBXBuildFile; fileRef = 9A637DC41CA2D7D6004D17BA /* TourismTypeCell.m */; };
		9A637DC71CA2D7D6004D17BA /* TourismTypeCell.xib in Resources */ = {isa = PBXBuildFile; fileRef = 9A637DC51CA2D7D6004D17BA /* TourismTypeCell.xib */; };
		9A637DCB1CA2D8AC004D17BA /* UIView+Helper.m in Sources */ = {isa = PBXBuildFile; fileRef = 9A637DCA1CA2D8AC004D17BA /* UIView+Helper.m */; };
		9A637DCE1CA2DBEE004D17BA /* TourismTypeItemCell.m in Sources */ = {isa = PBXBuildFile; fileRef = 9A637DCD1CA2DBEE004D17BA /* TourismTypeItemCell.m */; };
		9A637DD01CA2DBFF004D17BA /* TourismTypeItemCell.xib in Resources */ = {isa = PBXBuildFile; fileRef = 9A637DCF1CA2DBFF004D17BA /* TourismTypeItemCell.xib */; };
		9A637DD41CA2E580004D17BA /* RecommendTypeCell.m in Sources */ = {isa = PBXBuildFile; fileRef = 9A637DD21CA2E580004D17BA /* RecommendTypeCell.m */; };
		9A637DD51CA2E580004D17BA /* RecommendTypeCell.xib in Resources */ = {isa = PBXBuildFile; fileRef = 9A637DD31CA2E580004D17BA /* RecommendTypeCell.xib */; };
		9A637DE61CA44279004D17BA /* RedirectViewController.m in Sources */ = {isa = PBXBuildFile; fileRef = 9A637DE41CA44279004D17BA /* RedirectViewController.m */; };
		9A637DE71CA44279004D17BA /* RedirectViewController.xib in Resources */ = {isa = PBXBuildFile; fileRef = 9A637DE51CA44279004D17BA /* RedirectViewController.xib */; };
		9A637DEE1CA58846004D17BA /* TouristroutesViewController.m in Sources */ = {isa = PBXBuildFile; fileRef = 9A637DEC1CA58846004D17BA /* TouristroutesViewController.m */; };
		9A637DEF1CA58846004D17BA /* TouristroutesViewController.xib in Resources */ = {isa = PBXBuildFile; fileRef = 9A637DED1CA58846004D17BA /* TouristroutesViewController.xib */; };
		9A637DF41CA59584004D17BA /* TourismDetailController.m in Sources */ = {isa = PBXBuildFile; fileRef = 9A637DF21CA59584004D17BA /* TourismDetailController.m */; };
		9A637DF51CA59584004D17BA /* TourismDetailController.xib in Resources */ = {isa = PBXBuildFile; fileRef = 9A637DF31CA59584004D17BA /* TourismDetailController.xib */; };
		9A637DF81CA626C2004D17BA /* CustomMoveItemView.m in Sources */ = {isa = PBXBuildFile; fileRef = 9A637DF71CA626C2004D17BA /* CustomMoveItemView.m */; };
		9A637E041CA6F00C004D17BA /* TourismDetailView.m in Sources */ = {isa = PBXBuildFile; fileRef = 9A637E031CA6F00C004D17BA /* TourismDetailView.m */; };
		9AB9F1BF1CAD64190091967F /* CarTypeTableView.m in Sources */ = {isa = PBXBuildFile; fileRef = 9AB9F1BE1CAD64190091967F /* CarTypeTableView.m */; };
		9AB9F1C31CAD781B0091967F /* CarDetailController.m in Sources */ = {isa = PBXBuildFile; fileRef = 9AB9F1C11CAD781B0091967F /* CarDetailController.m */; };
		9AB9F1C41CAD781B0091967F /* CarDetailController.xib in Resources */ = {isa = PBXBuildFile; fileRef = 9AB9F1C21CAD781B0091967F /* CarDetailController.xib */; };
		9AB9F1C71CAD7B880091967F /* CarDetail.m in Sources */ = {isa = PBXBuildFile; fileRef = 9AB9F1C61CAD7B880091967F /* CarDetail.m */; };
		9AD8325F1CA959C5002CE8B3 /* TourisEvaluateView.m in Sources */ = {isa = PBXBuildFile; fileRef = 9AD8325E1CA959C5002CE8B3 /* TourisEvaluateView.m */; };
		9AD832661CA96969002CE8B3 /* TourisEvaluateCell.m in Sources */ = {isa = PBXBuildFile; fileRef = 9AD832641CA96969002CE8B3 /* TourisEvaluateCell.m */; };
		9AD8326D1CAAC579002CE8B3 /* ServiceIntroductionView.m in Sources */ = {isa = PBXBuildFile; fileRef = 9AD8326C1CAAC579002CE8B3 /* ServiceIntroductionView.m */; };
		9AD832701CAAC5BE002CE8B3 /* NSString+Helper.m in Sources */ = {isa = PBXBuildFile; fileRef = 9AD8326F1CAAC5BE002CE8B3 /* NSString+Helper.m */; };
		9AD8327F1CAC0EB7002CE8B3 /* CarListViewController.m in Sources */ = {isa = PBXBuildFile; fileRef = 9AD8327D1CAC0EB7002CE8B3 /* CarListViewController.m */; };
		9AD832801CAC0EB7002CE8B3 /* CarListViewController.xib in Resources */ = {isa = PBXBuildFile; fileRef = 9AD8327E1CAC0EB7002CE8B3 /* CarListViewController.xib */; };
		9AD832861CAC106D002CE8B3 /* RequestBaseAPI+Car.m in Sources */ = {isa = PBXBuildFile; fileRef = 9AD832851CAC106D002CE8B3 /* RequestBaseAPI+Car.m */; };
		9AD832891CAC1398002CE8B3 /* CarViewModel.m in Sources */ = {isa = PBXBuildFile; fileRef = 9AD832881CAC1398002CE8B3 /* CarViewModel.m */; };
		9AD832A11CAC1727002CE8B3 /* Banner.m in Sources */ = {isa = PBXBuildFile; fileRef = 9AD8328F1CAC1727002CE8B3 /* Banner.m */; };
		9AD832A21CAC1727002CE8B3 /* Car.m in Sources */ = {isa = PBXBuildFile; fileRef = 9AD832911CAC1727002CE8B3 /* Car.m */; };
		9AD832A31CAC1727002CE8B3 /* HomePageData.m in Sources */ = {isa = PBXBuildFile; fileRef = 9AD832941CAC1727002CE8B3 /* HomePageData.m */; };
		9AD832A41CAC1727002CE8B3 /* Recommend.m in Sources */ = {isa = PBXBuildFile; fileRef = 9AD832961CAC1727002CE8B3 /* Recommend.m */; };
		9AD832A51CAC1727002CE8B3 /* ServiceIntroduction.m in Sources */ = {isa = PBXBuildFile; fileRef = 9AD832981CAC1727002CE8B3 /* ServiceIntroduction.m */; };
		9AD832A61CAC1727002CE8B3 /* TourisEvaluate.m in Sources */ = {isa = PBXBuildFile; fileRef = 9AD8329A1CAC1727002CE8B3 /* TourisEvaluate.m */; };
		9AD832A71CAC1727002CE8B3 /* TourismType.m in Sources */ = {isa = PBXBuildFile; fileRef = 9AD8329C1CAC1727002CE8B3 /* TourismType.m */; };
		9AD832A81CAC1727002CE8B3 /* Traveltrip.m in Sources */ = {isa = PBXBuildFile; fileRef = 9AD8329E1CAC1727002CE8B3 /* Traveltrip.m */; };
		9AD832A91CAC1727002CE8B3 /* Trip.m in Sources */ = {isa = PBXBuildFile; fileRef = 9AD832A01CAC1727002CE8B3 /* Trip.m */; };
		9AD832AC1CAC1B16002CE8B3 /* CarListCell.m in Sources */ = {isa = PBXBuildFile; fileRef = 9AD832AB1CAC1B16002CE8B3 /* CarListCell.m */; };
		9AD832AE1CAC1B28002CE8B3 /* CarListCell.xib in Resources */ = {isa = PBXBuildFile; fileRef = 9AD832AD1CAC1B28002CE8B3 /* CarListCell.xib */; };
		9AF1C0121C9ED3E100AD2FC1 /* main.m in Sources */ = {isa = PBXBuildFile; fileRef = 9AF1C0111C9ED3E100AD2FC1 /* main.m */; };
		9AF1C0151C9ED3E100AD2FC1 /* AppDelegate.m in Sources */ = {isa = PBXBuildFile; fileRef = 9AF1C0141C9ED3E100AD2FC1 /* AppDelegate.m */; };
		9AF1C01D1C9ED3E100AD2FC1 /* Assets.xcassets in Resources */ = {isa = PBXBuildFile; fileRef = 9AF1C01C1C9ED3E100AD2FC1 /* Assets.xcassets */; };
		9AF1C0201C9ED3E100AD2FC1 /* LaunchScreen.storyboard in Resources */ = {isa = PBXBuildFile; fileRef = 9AF1C01E1C9ED3E100AD2FC1 /* LaunchScreen.storyboard */; };
/* End PBXBuildFile section */

/* Begin PBXFileReference section */
		10DC9880F0FD6BE849ED8A5F /* libPods.a */ = {isa = PBXFileReference; explicitFileType = archive.ar; includeInIndex = 0; path = libPods.a; sourceTree = BUILT_PRODUCTS_DIR; };
		79047B0703E19E40A713B1AD /* Pods.debug.xcconfig */ = {isa = PBXFileReference; includeInIndex = 1; lastKnownFileType = text.xcconfig; name = Pods.debug.xcconfig; path = "Pods/Target Support Files/Pods/Pods.debug.xcconfig"; sourceTree = "<group>"; };
		9A1FEB2E1C9EDCB90067B8D5 /* PrefixHeader.pch */ = {isa = PBXFileReference; lastKnownFileType = sourcecode.c.h; path = PrefixHeader.pch; sourceTree = "<group>"; };
		9A1FEB391C9EE1770067B8D5 /* BaseViewController.h */ = {isa = PBXFileReference; fileEncoding = 4; lastKnownFileType = sourcecode.c.h; path = BaseViewController.h; sourceTree = "<group>"; };
		9A1FEB3A1C9EE1770067B8D5 /* BaseViewController.m */ = {isa = PBXFileReference; fileEncoding = 4; lastKnownFileType = sourcecode.c.objc; path = BaseViewController.m; sourceTree = "<group>"; };
		9A1FEB3D1C9EE4BB0067B8D5 /* RequestAPI.h */ = {isa = PBXFileReference; lastKnownFileType = sourcecode.c.h; path = RequestAPI.h; sourceTree = "<group>"; };
		9A1FEB3E1C9EE4D20067B8D5 /* RequestBaseAPI.h */ = {isa = PBXFileReference; fileEncoding = 4; lastKnownFileType = sourcecode.c.h; path = RequestBaseAPI.h; sourceTree = "<group>"; };
		9A1FEB3F1C9EE4D20067B8D5 /* RequestBaseAPI.m */ = {isa = PBXFileReference; fileEncoding = 4; lastKnownFileType = sourcecode.c.objc; path = RequestBaseAPI.m; sourceTree = "<group>"; };
		9A1FEB411C9EE7580067B8D5 /* Common.h */ = {isa = PBXFileReference; lastKnownFileType = sourcecode.c.h; path = Common.h; sourceTree = "<group>"; };
		9A1FEB421C9EEA120067B8D5 /* ResponseBaseData.h */ = {isa = PBXFileReference; fileEncoding = 4; lastKnownFileType = sourcecode.c.h; path = ResponseBaseData.h; sourceTree = "<group>"; };
		9A1FEB431C9EEA120067B8D5 /* ResponseBaseData.m */ = {isa = PBXFileReference; fileEncoding = 4; lastKnownFileType = sourcecode.c.objc; path = ResponseBaseData.m; sourceTree = "<group>"; };
		9A1FEB471C9EF3C90067B8D5 /* GTMBase64.h */ = {isa = PBXFileReference; fileEncoding = 4; lastKnownFileType = sourcecode.c.h; path = GTMBase64.h; sourceTree = "<group>"; };
		9A1FEB481C9EF3C90067B8D5 /* GTMBase64.m */ = {isa = PBXFileReference; fileEncoding = 4; lastKnownFileType = sourcecode.c.objc; path = GTMBase64.m; sourceTree = "<group>"; };
		9A1FEB491C9EF3C90067B8D5 /* GTMDefines.h */ = {isa = PBXFileReference; fileEncoding = 4; lastKnownFileType = sourcecode.c.h; path = GTMDefines.h; sourceTree = "<group>"; };
		9A1FEB4E1C9EF44A0067B8D5 /* GTMBase64+Des.h */ = {isa = PBXFileReference; fileEncoding = 4; lastKnownFileType = sourcecode.c.h; path = "GTMBase64+Des.h"; sourceTree = "<group>"; };
		9A1FEB4F1C9EF44A0067B8D5 /* GTMBase64+Des.m */ = {isa = PBXFileReference; fileEncoding = 4; lastKnownFileType = sourcecode.c.objc; path = "GTMBase64+Des.m"; sourceTree = "<group>"; };
		9A1FEB551C9EF69A0067B8D5 /* RequestBaseAPI+User.h */ = {isa = PBXFileReference; fileEncoding = 4; lastKnownFileType = sourcecode.c.h; path = "RequestBaseAPI+User.h"; sourceTree = "<group>"; };
		9A1FEB561C9EF69A0067B8D5 /* RequestBaseAPI+User.m */ = {isa = PBXFileReference; fileEncoding = 4; lastKnownFileType = sourcecode.c.objc; path = "RequestBaseAPI+User.m"; sourceTree = "<group>"; };
		9A637DB41CA182FB004D17BA /* MainViewModel.h */ = {isa = PBXFileReference; fileEncoding = 4; lastKnownFileType = sourcecode.c.h; path = MainViewModel.h; sourceTree = "<group>"; };
		9A637DB51CA182FB004D17BA /* MainViewModel.m */ = {isa = PBXFileReference; fileEncoding = 4; lastKnownFileType = sourcecode.c.objc; name = MainViewModel.m; path = youqinghai/Main/ViewModel/MainViewModel.m; sourceTree = SOURCE_ROOT; };
		9A637DB71CA1831F004D17BA /* RequestBaseAPI+Main.h */ = {isa = PBXFileReference; fileEncoding = 4; lastKnownFileType = sourcecode.c.h; path = "RequestBaseAPI+Main.h"; sourceTree = "<group>"; };
		9A637DB81CA1831F004D17BA /* RequestBaseAPI+Main.m */ = {isa = PBXFileReference; fileEncoding = 4; lastKnownFileType = sourcecode.c.objc; path = "RequestBaseAPI+Main.m"; sourceTree = "<group>"; };
		9A637DBB1CA18711004D17BA /* MainViewController.h */ = {isa = PBXFileReference; fileEncoding = 4; lastKnownFileType = sourcecode.c.h; path = MainViewController.h; sourceTree = "<group>"; };
		9A637DBC1CA18711004D17BA /* MainViewController.m */ = {isa = PBXFileReference; fileEncoding = 4; lastKnownFileType = sourcecode.c.objc; path = MainViewController.m; sourceTree = "<group>"; };
		9A637DBE1CA18993004D17BA /* TempViewController.h */ = {isa = PBXFileReference; fileEncoding = 4; lastKnownFileType = sourcecode.c.h; path = TempViewController.h; sourceTree = "<group>"; };
		9A637DBF1CA18993004D17BA /* TempViewController.m */ = {isa = PBXFileReference; fileEncoding = 4; lastKnownFileType = sourcecode.c.objc; path = TempViewController.m; sourceTree = "<group>"; };
		9A637DC01CA18993004D17BA /* TempViewController.xib */ = {isa = PBXFileReference; fileEncoding = 4; lastKnownFileType = file.xib; path = TempViewController.xib; sourceTree = "<group>"; };
		9A637DC31CA2D7D6004D17BA /* TourismTypeCell.h */ = {isa = PBXFileReference; fileEncoding = 4; lastKnownFileType = sourcecode.c.h; path = TourismTypeCell.h; sourceTree = "<group>"; };
		9A637DC41CA2D7D6004D17BA /* TourismTypeCell.m */ = {isa = PBXFileReference; fileEncoding = 4; lastKnownFileType = sourcecode.c.objc; path = TourismTypeCell.m; sourceTree = "<group>"; };
		9A637DC51CA2D7D6004D17BA /* TourismTypeCell.xib */ = {isa = PBXFileReference; fileEncoding = 4; lastKnownFileType = file.xib; path = TourismTypeCell.xib; sourceTree = "<group>"; };
		9A637DC91CA2D8AC004D17BA /* UIView+Helper.h */ = {isa = PBXFileReference; fileEncoding = 4; lastKnownFileType = sourcecode.c.h; path = "UIView+Helper.h"; sourceTree = "<group>"; };
		9A637DCA1CA2D8AC004D17BA /* UIView+Helper.m */ = {isa = PBXFileReference; fileEncoding = 4; lastKnownFileType = sourcecode.c.objc; path = "UIView+Helper.m"; sourceTree = "<group>"; };
		9A637DCC1CA2DBEE004D17BA /* TourismTypeItemCell.h */ = {isa = PBXFileReference; fileEncoding = 4; lastKnownFileType = sourcecode.c.h; path = TourismTypeItemCell.h; sourceTree = "<group>"; };
		9A637DCD1CA2DBEE004D17BA /* TourismTypeItemCell.m */ = {isa = PBXFileReference; fileEncoding = 4; lastKnownFileType = sourcecode.c.objc; path = TourismTypeItemCell.m; sourceTree = "<group>"; };
		9A637DCF1CA2DBFF004D17BA /* TourismTypeItemCell.xib */ = {isa = PBXFileReference; fileEncoding = 4; lastKnownFileType = file.xib; path = TourismTypeItemCell.xib; sourceTree = "<group>"; };
		9A637DD11CA2E580004D17BA /* RecommendTypeCell.h */ = {isa = PBXFileReference; fileEncoding = 4; lastKnownFileType = sourcecode.c.h; path = RecommendTypeCell.h; sourceTree = "<group>"; };
		9A637DD21CA2E580004D17BA /* RecommendTypeCell.m */ = {isa = PBXFileReference; fileEncoding = 4; lastKnownFileType = sourcecode.c.objc; path = RecommendTypeCell.m; sourceTree = "<group>"; };
		9A637DD31CA2E580004D17BA /* RecommendTypeCell.xib */ = {isa = PBXFileReference; fileEncoding = 4; lastKnownFileType = file.xib; path = RecommendTypeCell.xib; sourceTree = "<group>"; };
		9A637DE31CA44279004D17BA /* RedirectViewController.h */ = {isa = PBXFileReference; fileEncoding = 4; lastKnownFileType = sourcecode.c.h; path = RedirectViewController.h; sourceTree = "<group>"; };
		9A637DE41CA44279004D17BA /* RedirectViewController.m */ = {isa = PBXFileReference; fileEncoding = 4; lastKnownFileType = sourcecode.c.objc; path = RedirectViewController.m; sourceTree = "<group>"; };
		9A637DE51CA44279004D17BA /* RedirectViewController.xib */ = {isa = PBXFileReference; fileEncoding = 4; lastKnownFileType = file.xib; path = RedirectViewController.xib; sourceTree = "<group>"; };
		9A637DEB1CA58846004D17BA /* TouristroutesViewController.h */ = {isa = PBXFileReference; fileEncoding = 4; lastKnownFileType = sourcecode.c.h; path = TouristroutesViewController.h; sourceTree = "<group>"; };
		9A637DEC1CA58846004D17BA /* TouristroutesViewController.m */ = {isa = PBXFileReference; fileEncoding = 4; lastKnownFileType = sourcecode.c.objc; path = TouristroutesViewController.m; sourceTree = "<group>"; };
		9A637DED1CA58846004D17BA /* TouristroutesViewController.xib */ = {isa = PBXFileReference; fileEncoding = 4; lastKnownFileType = file.xib; path = TouristroutesViewController.xib; sourceTree = "<group>"; };
		9A637DF11CA59584004D17BA /* TourismDetailController.h */ = {isa = PBXFileReference; fileEncoding = 4; lastKnownFileType = sourcecode.c.h; path = TourismDetailController.h; sourceTree = "<group>"; };
		9A637DF21CA59584004D17BA /* TourismDetailController.m */ = {isa = PBXFileReference; fileEncoding = 4; lastKnownFileType = sourcecode.c.objc; path = TourismDetailController.m; sourceTree = "<group>"; };
		9A637DF31CA59584004D17BA /* TourismDetailController.xib */ = {isa = PBXFileReference; fileEncoding = 4; lastKnownFileType = file.xib; path = TourismDetailController.xib; sourceTree = "<group>"; };
		9A637DF61CA626C2004D17BA /* CustomMoveItemView.h */ = {isa = PBXFileReference; fileEncoding = 4; lastKnownFileType = sourcecode.c.h; path = CustomMoveItemView.h; sourceTree = "<group>"; };
		9A637DF71CA626C2004D17BA /* CustomMoveItemView.m */ = {isa = PBXFileReference; fileEncoding = 4; lastKnownFileType = sourcecode.c.objc; path = CustomMoveItemView.m; sourceTree = "<group>"; };
		9A637E021CA6F00C004D17BA /* TourismDetailView.h */ = {isa = PBXFileReference; fileEncoding = 4; lastKnownFileType = sourcecode.c.h; path = TourismDetailView.h; sourceTree = "<group>"; };
		9A637E031CA6F00C004D17BA /* TourismDetailView.m */ = {isa = PBXFileReference; fileEncoding = 4; lastKnownFileType = sourcecode.c.objc; path = TourismDetailView.m; sourceTree = "<group>"; };
		9AB9F1BD1CAD64190091967F /* CarTypeTableView.h */ = {isa = PBXFileReference; fileEncoding = 4; lastKnownFileType = sourcecode.c.h; path = CarTypeTableView.h; sourceTree = "<group>"; };
		9AB9F1BE1CAD64190091967F /* CarTypeTableView.m */ = {isa = PBXFileReference; fileEncoding = 4; lastKnownFileType = sourcecode.c.objc; path = CarTypeTableView.m; sourceTree = "<group>"; };
		9AB9F1C01CAD781B0091967F /* CarDetailController.h */ = {isa = PBXFileReference; fileEncoding = 4; lastKnownFileType = sourcecode.c.h; path = CarDetailController.h; sourceTree = "<group>"; };
		9AB9F1C11CAD781B0091967F /* CarDetailController.m */ = {isa = PBXFileReference; fileEncoding = 4; lastKnownFileType = sourcecode.c.objc; path = CarDetailController.m; sourceTree = "<group>"; };
		9AB9F1C21CAD781B0091967F /* CarDetailController.xib */ = {isa = PBXFileReference; fileEncoding = 4; lastKnownFileType = file.xib; path = CarDetailController.xib; sourceTree = "<group>"; };
		9AB9F1C51CAD7B880091967F /* CarDetail.h */ = {isa = PBXFileReference; fileEncoding = 4; lastKnownFileType = sourcecode.c.h; path = CarDetail.h; sourceTree = "<group>"; };
		9AB9F1C61CAD7B880091967F /* CarDetail.m */ = {isa = PBXFileReference; fileEncoding = 4; lastKnownFileType = sourcecode.c.objc; path = CarDetail.m; sourceTree = "<group>"; };
		9AD8325D1CA959C5002CE8B3 /* TourisEvaluateView.h */ = {isa = PBXFileReference; fileEncoding = 4; lastKnownFileType = sourcecode.c.h; path = TourisEvaluateView.h; sourceTree = "<group>"; };
		9AD8325E1CA959C5002CE8B3 /* TourisEvaluateView.m */ = {isa = PBXFileReference; fileEncoding = 4; lastKnownFileType = sourcecode.c.objc; path = TourisEvaluateView.m; sourceTree = "<group>"; };
		9AD832631CA96969002CE8B3 /* TourisEvaluateCell.h */ = {isa = PBXFileReference; fileEncoding = 4; lastKnownFileType = sourcecode.c.h; path = TourisEvaluateCell.h; sourceTree = "<group>"; };
		9AD832641CA96969002CE8B3 /* TourisEvaluateCell.m */ = {isa = PBXFileReference; fileEncoding = 4; lastKnownFileType = sourcecode.c.objc; path = TourisEvaluateCell.m; sourceTree = "<group>"; };
		9AD8326B1CAAC579002CE8B3 /* ServiceIntroductionView.h */ = {isa = PBXFileReference; fileEncoding = 4; lastKnownFileType = sourcecode.c.h; path = ServiceIntroductionView.h; sourceTree = "<group>"; };
		9AD8326C1CAAC579002CE8B3 /* ServiceIntroductionView.m */ = {isa = PBXFileReference; fileEncoding = 4; lastKnownFileType = sourcecode.c.objc; path = ServiceIntroductionView.m; sourceTree = "<group>"; };
		9AD8326E1CAAC5BE002CE8B3 /* NSString+Helper.h */ = {isa = PBXFileReference; fileEncoding = 4; lastKnownFileType = sourcecode.c.h; path = "NSString+Helper.h"; sourceTree = "<group>"; };
		9AD8326F1CAAC5BE002CE8B3 /* NSString+Helper.m */ = {isa = PBXFileReference; fileEncoding = 4; lastKnownFileType = sourcecode.c.objc; path = "NSString+Helper.m"; sourceTree = "<group>"; };
		9AD8327C1CAC0EB7002CE8B3 /* CarListViewController.h */ = {isa = PBXFileReference; fileEncoding = 4; lastKnownFileType = sourcecode.c.h; path = CarListViewController.h; sourceTree = "<group>"; };
		9AD8327D1CAC0EB7002CE8B3 /* CarListViewController.m */ = {isa = PBXFileReference; fileEncoding = 4; lastKnownFileType = sourcecode.c.objc; path = CarListViewController.m; sourceTree = "<group>"; };
		9AD8327E1CAC0EB7002CE8B3 /* CarListViewController.xib */ = {isa = PBXFileReference; fileEncoding = 4; lastKnownFileType = file.xib; path = CarListViewController.xib; sourceTree = "<group>"; };
		9AD832841CAC106D002CE8B3 /* RequestBaseAPI+Car.h */ = {isa = PBXFileReference; fileEncoding = 4; lastKnownFileType = sourcecode.c.h; path = "RequestBaseAPI+Car.h"; sourceTree = "<group>"; };
		9AD832851CAC106D002CE8B3 /* RequestBaseAPI+Car.m */ = {isa = PBXFileReference; fileEncoding = 4; lastKnownFileType = sourcecode.c.objc; path = "RequestBaseAPI+Car.m"; sourceTree = "<group>"; };
		9AD832871CAC1398002CE8B3 /* CarViewModel.h */ = {isa = PBXFileReference; fileEncoding = 4; lastKnownFileType = sourcecode.c.h; path = CarViewModel.h; sourceTree = "<group>"; };
		9AD832881CAC1398002CE8B3 /* CarViewModel.m */ = {isa = PBXFileReference; fileEncoding = 4; lastKnownFileType = sourcecode.c.objc; path = CarViewModel.m; sourceTree = "<group>"; };
		9AD8328E1CAC1727002CE8B3 /* Banner.h */ = {isa = PBXFileReference; fileEncoding = 4; lastKnownFileType = sourcecode.c.h; path = Banner.h; sourceTree = "<group>"; };
		9AD8328F1CAC1727002CE8B3 /* Banner.m */ = {isa = PBXFileReference; fileEncoding = 4; lastKnownFileType = sourcecode.c.objc; path = Banner.m; sourceTree = "<group>"; };
		9AD832901CAC1727002CE8B3 /* Car.h */ = {isa = PBXFileReference; fileEncoding = 4; lastKnownFileType = sourcecode.c.h; path = Car.h; sourceTree = "<group>"; };
		9AD832911CAC1727002CE8B3 /* Car.m */ = {isa = PBXFileReference; fileEncoding = 4; lastKnownFileType = sourcecode.c.objc; path = Car.m; sourceTree = "<group>"; };
		9AD832921CAC1727002CE8B3 /* DataModel.h */ = {isa = PBXFileReference; fileEncoding = 4; lastKnownFileType = sourcecode.c.h; path = DataModel.h; sourceTree = "<group>"; };
		9AD832931CAC1727002CE8B3 /* HomePageData.h */ = {isa = PBXFileReference; fileEncoding = 4; lastKnownFileType = sourcecode.c.h; path = HomePageData.h; sourceTree = "<group>"; };
		9AD832941CAC1727002CE8B3 /* HomePageData.m */ = {isa = PBXFileReference; fileEncoding = 4; lastKnownFileType = sourcecode.c.objc; path = HomePageData.m; sourceTree = "<group>"; };
		9AD832951CAC1727002CE8B3 /* Recommend.h */ = {isa = PBXFileReference; fileEncoding = 4; lastKnownFileType = sourcecode.c.h; path = Recommend.h; sourceTree = "<group>"; };
		9AD832961CAC1727002CE8B3 /* Recommend.m */ = {isa = PBXFileReference; fileEncoding = 4; lastKnownFileType = sourcecode.c.objc; path = Recommend.m; sourceTree = "<group>"; };
		9AD832971CAC1727002CE8B3 /* ServiceIntroduction.h */ = {isa = PBXFileReference; fileEncoding = 4; lastKnownFileType = sourcecode.c.h; path = ServiceIntroduction.h; sourceTree = "<group>"; };
		9AD832981CAC1727002CE8B3 /* ServiceIntroduction.m */ = {isa = PBXFileReference; fileEncoding = 4; lastKnownFileType = sourcecode.c.objc; path = ServiceIntroduction.m; sourceTree = "<group>"; };
		9AD832991CAC1727002CE8B3 /* TourisEvaluate.h */ = {isa = PBXFileReference; fileEncoding = 4; lastKnownFileType = sourcecode.c.h; path = TourisEvaluate.h; sourceTree = "<group>"; };
		9AD8329A1CAC1727002CE8B3 /* TourisEvaluate.m */ = {isa = PBXFileReference; fileEncoding = 4; lastKnownFileType = sourcecode.c.objc; path = TourisEvaluate.m; sourceTree = "<group>"; };
		9AD8329B1CAC1727002CE8B3 /* TourismType.h */ = {isa = PBXFileReference; fileEncoding = 4; lastKnownFileType = sourcecode.c.h; path = TourismType.h; sourceTree = "<group>"; };
		9AD8329C1CAC1727002CE8B3 /* TourismType.m */ = {isa = PBXFileReference; fileEncoding = 4; lastKnownFileType = sourcecode.c.objc; path = TourismType.m; sourceTree = "<group>"; };
		9AD8329D1CAC1727002CE8B3 /* Traveltrip.h */ = {isa = PBXFileReference; fileEncoding = 4; lastKnownFileType = sourcecode.c.h; path = Traveltrip.h; sourceTree = "<group>"; };
		9AD8329E1CAC1727002CE8B3 /* Traveltrip.m */ = {isa = PBXFileReference; fileEncoding = 4; lastKnownFileType = sourcecode.c.objc; path = Traveltrip.m; sourceTree = "<group>"; };
		9AD8329F1CAC1727002CE8B3 /* Trip.h */ = {isa = PBXFileReference; fileEncoding = 4; lastKnownFileType = sourcecode.c.h; path = Trip.h; sourceTree = "<group>"; };
		9AD832A01CAC1727002CE8B3 /* Trip.m */ = {isa = PBXFileReference; fileEncoding = 4; lastKnownFileType = sourcecode.c.objc; path = Trip.m; sourceTree = "<group>"; };
		9AD832AA1CAC1B16002CE8B3 /* CarListCell.h */ = {isa = PBXFileReference; fileEncoding = 4; lastKnownFileType = sourcecode.c.h; path = CarListCell.h; sourceTree = "<group>"; };
		9AD832AB1CAC1B16002CE8B3 /* CarListCell.m */ = {isa = PBXFileReference; fileEncoding = 4; lastKnownFileType = sourcecode.c.objc; path = CarListCell.m; sourceTree = "<group>"; };
		9AD832AD1CAC1B28002CE8B3 /* CarListCell.xib */ = {isa = PBXFileReference; fileEncoding = 4; lastKnownFileType = file.xib; path = CarListCell.xib; sourceTree = "<group>"; };
		9AF1C00D1C9ED3E100AD2FC1 /* youqinghai.app */ = {isa = PBXFileReference; explicitFileType = wrapper.application; includeInIndex = 0; path = youqinghai.app; sourceTree = BUILT_PRODUCTS_DIR; };
		9AF1C0111C9ED3E100AD2FC1 /* main.m */ = {isa = PBXFileReference; lastKnownFileType = sourcecode.c.objc; path = main.m; sourceTree = "<group>"; };
		9AF1C0131C9ED3E100AD2FC1 /* AppDelegate.h */ = {isa = PBXFileReference; lastKnownFileType = sourcecode.c.h; path = AppDelegate.h; sourceTree = "<group>"; };
		9AF1C0141C9ED3E100AD2FC1 /* AppDelegate.m */ = {isa = PBXFileReference; lastKnownFileType = sourcecode.c.objc; path = AppDelegate.m; sourceTree = "<group>"; };
		9AF1C01C1C9ED3E100AD2FC1 /* Assets.xcassets */ = {isa = PBXFileReference; lastKnownFileType = folder.assetcatalog; path = Assets.xcassets; sourceTree = "<group>"; };
		9AF1C01F1C9ED3E100AD2FC1 /* Base */ = {isa = PBXFileReference; lastKnownFileType = file.storyboard; name = Base; path = Base.lproj/LaunchScreen.storyboard; sourceTree = "<group>"; };
		9AF1C0211C9ED3E100AD2FC1 /* Info.plist */ = {isa = PBXFileReference; lastKnownFileType = text.plist.xml; path = Info.plist; sourceTree = "<group>"; };
		9F1F24795402E64451E9B903 /* Pods.release.xcconfig */ = {isa = PBXFileReference; includeInIndex = 1; lastKnownFileType = text.xcconfig; name = Pods.release.xcconfig; path = "Pods/Target Support Files/Pods/Pods.release.xcconfig"; sourceTree = "<group>"; };
/* End PBXFileReference section */

/* Begin PBXFrameworksBuildPhase section */
		9AF1C00A1C9ED3E100AD2FC1 /* Frameworks */ = {
			isa = PBXFrameworksBuildPhase;
			buildActionMask = 2147483647;
			files = (
				4ADD4C4237E5BFD2CA9D37D3 /* libPods.a in Frameworks */,
			);
			runOnlyForDeploymentPostprocessing = 0;
		};
/* End PBXFrameworksBuildPhase section */

/* Begin PBXGroup section */
		637CD4CC05DC6C1A5BD0848F /* Pods */ = {
			isa = PBXGroup;
			children = (
				79047B0703E19E40A713B1AD /* Pods.debug.xcconfig */,
				9F1F24795402E64451E9B903 /* Pods.release.xcconfig */,
			);
			name = Pods;
			sourceTree = "<group>";
		};
		86F7230E19781776CFD9FA32 /* Frameworks */ = {
			isa = PBXGroup;
			children = (
				10DC9880F0FD6BE849ED8A5F /* libPods.a */,
			);
			name = Frameworks;
			sourceTree = "<group>";
		};
		9A1FEB341C9EE1470067B8D5 /* Main */ = {
			isa = PBXGroup;
			children = (
				9A637DBA1CA186EE004D17BA /* Controller */,
				9A1FEB361C9EE1470067B8D5 /* View */,
				9A1FEB371C9EE1470067B8D5 /* ViewModel */,
			);
			path = Main;
			sourceTree = "<group>";
		};
		9A1FEB361C9EE1470067B8D5 /* View */ = {
			isa = PBXGroup;
			children = (
				9A637DC31CA2D7D6004D17BA /* TourismTypeCell.h */,
				9A637DC41CA2D7D6004D17BA /* TourismTypeCell.m */,
				9A637DC51CA2D7D6004D17BA /* TourismTypeCell.xib */,
				9A637DCC1CA2DBEE004D17BA /* TourismTypeItemCell.h */,
				9A637DCD1CA2DBEE004D17BA /* TourismTypeItemCell.m */,
				9A637DCF1CA2DBFF004D17BA /* TourismTypeItemCell.xib */,
				9A637DD11CA2E580004D17BA /* RecommendTypeCell.h */,
				9A637DD21CA2E580004D17BA /* RecommendTypeCell.m */,
				9A637DD31CA2E580004D17BA /* RecommendTypeCell.xib */,
				9A637DF61CA626C2004D17BA /* CustomMoveItemView.h */,
				9A637DF71CA626C2004D17BA /* CustomMoveItemView.m */,
				9A637E021CA6F00C004D17BA /* TourismDetailView.h */,
				9A637E031CA6F00C004D17BA /* TourismDetailView.m */,
				9AD8325D1CA959C5002CE8B3 /* TourisEvaluateView.h */,
				9AD8325E1CA959C5002CE8B3 /* TourisEvaluateView.m */,
				9AD832631CA96969002CE8B3 /* TourisEvaluateCell.h */,
				9AD832641CA96969002CE8B3 /* TourisEvaluateCell.m */,
				9AD8326B1CAAC579002CE8B3 /* ServiceIntroductionView.h */,
				9AD8326C1CAAC579002CE8B3 /* ServiceIntroductionView.m */,
			);
			path = View;
			sourceTree = "<group>";
		};
		9A1FEB371C9EE1470067B8D5 /* ViewModel */ = {
			isa = PBXGroup;
			children = (
				9A637DB41CA182FB004D17BA /* MainViewModel.h */,
				9A637DB51CA182FB004D17BA /* MainViewModel.m */,
			);
			path = ViewModel;
			sourceTree = "<group>";
		};
		9A1FEB381C9EE1770067B8D5 /* BaseViewController */ = {
			isa = PBXGroup;
			children = (
				9A1FEB391C9EE1770067B8D5 /* BaseViewController.h */,
				9A1FEB3A1C9EE1770067B8D5 /* BaseViewController.m */,
			);
			path = BaseViewController;
			sourceTree = "<group>";
		};
		9A1FEB3C1C9EE2CA0067B8D5 /* Request API */ = {
			isa = PBXGroup;
			children = (
				9A1FEB3D1C9EE4BB0067B8D5 /* RequestAPI.h */,
				9A1FEB3E1C9EE4D20067B8D5 /* RequestBaseAPI.h */,
				9A1FEB3F1C9EE4D20067B8D5 /* RequestBaseAPI.m */,
				9A1FEB541C9EF65F0067B8D5 /* ResponseBaseData */,
				9A1FEB551C9EF69A0067B8D5 /* RequestBaseAPI+User.h */,
				9A1FEB561C9EF69A0067B8D5 /* RequestBaseAPI+User.m */,
				9A637DB71CA1831F004D17BA /* RequestBaseAPI+Main.h */,
				9A637DB81CA1831F004D17BA /* RequestBaseAPI+Main.m */,
				9AD832841CAC106D002CE8B3 /* RequestBaseAPI+Car.h */,
				9AD832851CAC106D002CE8B3 /* RequestBaseAPI+Car.m */,
			);
			path = "Request API";
			sourceTree = "<group>";
		};
		9A1FEB451C9EF3C90067B8D5 /* ThirdParty */ = {
			isa = PBXGroup;
			children = (
				9A1FEB461C9EF3C90067B8D5 /* GTMBase64 */,
			);
			path = ThirdParty;
			sourceTree = "<group>";
		};
		9A1FEB461C9EF3C90067B8D5 /* GTMBase64 */ = {
			isa = PBXGroup;
			children = (
				9A1FEB471C9EF3C90067B8D5 /* GTMBase64.h */,
				9A1FEB481C9EF3C90067B8D5 /* GTMBase64.m */,
				9A1FEB491C9EF3C90067B8D5 /* GTMDefines.h */,
				9A1FEB4E1C9EF44A0067B8D5 /* GTMBase64+Des.h */,
				9A1FEB4F1C9EF44A0067B8D5 /* GTMBase64+Des.m */,
			);
			path = GTMBase64;
			sourceTree = "<group>";
		};
		9A1FEB541C9EF65F0067B8D5 /* ResponseBaseData */ = {
			isa = PBXGroup;
			children = (
				9A1FEB421C9EEA120067B8D5 /* ResponseBaseData.h */,
				9A1FEB431C9EEA120067B8D5 /* ResponseBaseData.m */,
			);
			name = ResponseBaseData;
			sourceTree = "<group>";
		};
		9A637DBA1CA186EE004D17BA /* Controller */ = {
			isa = PBXGroup;
			children = (
				9A637DF01CA59570004D17BA /* TourismDetailController */,
				9A637DEA1CA58826004D17BA /* TouristroutesViewController */,
				9A637DE81CA58807004D17BA /* MainViewController */,
				9A637DE91CA58819004D17BA /* RedircetViewController */,
			);
			path = Controller;
			sourceTree = "<group>";
		};
		9A637DC81CA2D89E004D17BA /* Common */ = {
			isa = PBXGroup;
			children = (
				9A637DC91CA2D8AC004D17BA /* UIView+Helper.h */,
				9A637DCA1CA2D8AC004D17BA /* UIView+Helper.m */,
				9AD8326E1CAAC5BE002CE8B3 /* NSString+Helper.h */,
				9AD8326F1CAAC5BE002CE8B3 /* NSString+Helper.m */,
			);
			path = Common;
			sourceTree = "<group>";
		};
		9A637DE81CA58807004D17BA /* MainViewController */ = {
			isa = PBXGroup;
			children = (
				9A637DBB1CA18711004D17BA /* MainViewController.h */,
				9A637DBC1CA18711004D17BA /* MainViewController.m */,
			);
			name = MainViewController;
			sourceTree = "<group>";
		};
		9A637DE91CA58819004D17BA /* RedircetViewController */ = {
			isa = PBXGroup;
			children = (
				9A637DE31CA44279004D17BA /* RedirectViewController.h */,
				9A637DE41CA44279004D17BA /* RedirectViewController.m */,
				9A637DE51CA44279004D17BA /* RedirectViewController.xib */,
			);
			name = RedircetViewController;
			sourceTree = "<group>";
		};
		9A637DEA1CA58826004D17BA /* TouristroutesViewController */ = {
			isa = PBXGroup;
			children = (
				9A637DEB1CA58846004D17BA /* TouristroutesViewController.h */,
				9A637DEC1CA58846004D17BA /* TouristroutesViewController.m */,
				9A637DED1CA58846004D17BA /* TouristroutesViewController.xib */,
			);
			name = TouristroutesViewController;
			sourceTree = "<group>";
		};
		9A637DF01CA59570004D17BA /* TourismDetailController */ = {
			isa = PBXGroup;
			children = (
				9A637DF11CA59584004D17BA /* TourismDetailController.h */,
				9A637DF21CA59584004D17BA /* TourismDetailController.m */,
				9A637DF31CA59584004D17BA /* TourismDetailController.xib */,
			);
			name = TourismDetailController;
			sourceTree = "<group>";
		};
		9AD832741CAC0E2B002CE8B3 /* Car */ = {
			isa = PBXGroup;
			children = (
				9AD832751CAC0E5B002CE8B3 /* Controller */,
				9AD832771CAC0E5B002CE8B3 /* View */,
				9AD832781CAC0E5B002CE8B3 /* ViewModel */,
			);
			path = Car;
			sourceTree = "<group>";
		};
		9AD832751CAC0E5B002CE8B3 /* Controller */ = {
			isa = PBXGroup;
			children = (
				9AD8327C1CAC0EB7002CE8B3 /* CarListViewController.h */,
				9AD8327D1CAC0EB7002CE8B3 /* CarListViewController.m */,
				9AD8327E1CAC0EB7002CE8B3 /* CarListViewController.xib */,
				9AB9F1C01CAD781B0091967F /* CarDetailController.h */,
				9AB9F1C11CAD781B0091967F /* CarDetailController.m */,
				9AB9F1C21CAD781B0091967F /* CarDetailController.xib */,
			);
			path = Controller;
			sourceTree = "<group>";
		};
		9AD832771CAC0E5B002CE8B3 /* View */ = {
			isa = PBXGroup;
			children = (
				9AD832AA1CAC1B16002CE8B3 /* CarListCell.h */,
				9AD832AB1CAC1B16002CE8B3 /* CarListCell.m */,
				9AD832AD1CAC1B28002CE8B3 /* CarListCell.xib */,
				9AB9F1BD1CAD64190091967F /* CarTypeTableView.h */,
				9AB9F1BE1CAD64190091967F /* CarTypeTableView.m */,
			);
			path = View;
			sourceTree = "<group>";
		};
		9AD832781CAC0E5B002CE8B3 /* ViewModel */ = {
			isa = PBXGroup;
			children = (
				9AD832871CAC1398002CE8B3 /* CarViewModel.h */,
				9AD832881CAC1398002CE8B3 /* CarViewModel.m */,
			);
			path = ViewModel;
			sourceTree = "<group>";
		};
		9AD8328D1CAC1727002CE8B3 /* Model */ = {
			isa = PBXGroup;
			children = (
				9AD8328E1CAC1727002CE8B3 /* Banner.h */,
				9AD8328F1CAC1727002CE8B3 /* Banner.m */,
				9AD832901CAC1727002CE8B3 /* Car.h */,
				9AD832911CAC1727002CE8B3 /* Car.m */,
				9AD832921CAC1727002CE8B3 /* DataModel.h */,
				9AD832931CAC1727002CE8B3 /* HomePageData.h */,
				9AD832941CAC1727002CE8B3 /* HomePageData.m */,
				9AD832951CAC1727002CE8B3 /* Recommend.h */,
				9AD832961CAC1727002CE8B3 /* Recommend.m */,
				9AD832971CAC1727002CE8B3 /* ServiceIntroduction.h */,
				9AD832981CAC1727002CE8B3 /* ServiceIntroduction.m */,
				9AD832991CAC1727002CE8B3 /* TourisEvaluate.h */,
				9AD8329A1CAC1727002CE8B3 /* TourisEvaluate.m */,
				9AD8329B1CAC1727002CE8B3 /* TourismType.h */,
				9AD8329C1CAC1727002CE8B3 /* TourismType.m */,
				9AD8329D1CAC1727002CE8B3 /* Traveltrip.h */,
				9AD8329E1CAC1727002CE8B3 /* Traveltrip.m */,
				9AD8329F1CAC1727002CE8B3 /* Trip.h */,
				9AD832A01CAC1727002CE8B3 /* Trip.m */,
				9AB9F1C51CAD7B880091967F /* CarDetail.h */,
				9AB9F1C61CAD7B880091967F /* CarDetail.m */,
			);
			path = Model;
			sourceTree = "<group>";
		};
		9AF1C0041C9ED3E100AD2FC1 = {
			isa = PBXGroup;
			children = (
				9AF1C00F1C9ED3E100AD2FC1 /* youqinghai */,
				9AF1C00E1C9ED3E100AD2FC1 /* Products */,
				637CD4CC05DC6C1A5BD0848F /* Pods */,
				86F7230E19781776CFD9FA32 /* Frameworks */,
			);
			sourceTree = "<group>";
		};
		9AF1C00E1C9ED3E100AD2FC1 /* Products */ = {
			isa = PBXGroup;
			children = (
				9AF1C00D1C9ED3E100AD2FC1 /* youqinghai.app */,
			);
			name = Products;
			sourceTree = "<group>";
		};
		9AF1C00F1C9ED3E100AD2FC1 /* youqinghai */ = {
			isa = PBXGroup;
			children = (
				9A637DC81CA2D89E004D17BA /* Common */,
				9A1FEB451C9EF3C90067B8D5 /* ThirdParty */,
				9A1FEB3C1C9EE2CA0067B8D5 /* Request API */,
				9A1FEB381C9EE1770067B8D5 /* BaseViewController */,
				9AD8328D1CAC1727002CE8B3 /* Model */,
				9AD832741CAC0E2B002CE8B3 /* Car */,
				9A1FEB341C9EE1470067B8D5 /* Main */,
				9AF1C0131C9ED3E100AD2FC1 /* AppDelegate.h */,
				9AF1C0141C9ED3E100AD2FC1 /* AppDelegate.m */,
				9AF1C01C1C9ED3E100AD2FC1 /* Assets.xcassets */,
				9AF1C01E1C9ED3E100AD2FC1 /* LaunchScreen.storyboard */,
				9AF1C0211C9ED3E100AD2FC1 /* Info.plist */,
				9AF1C0101C9ED3E100AD2FC1 /* Supporting Files */,
				9A637DBE1CA18993004D17BA /* TempViewController.h */,
				9A637DBF1CA18993004D17BA /* TempViewController.m */,
				9A637DC01CA18993004D17BA /* TempViewController.xib */,
			);
			path = youqinghai;
			sourceTree = "<group>";
		};
		9AF1C0101C9ED3E100AD2FC1 /* Supporting Files */ = {
			isa = PBXGroup;
			children = (
				9AF1C0111C9ED3E100AD2FC1 /* main.m */,
				9A1FEB2E1C9EDCB90067B8D5 /* PrefixHeader.pch */,
				9A1FEB411C9EE7580067B8D5 /* Common.h */,
			);
			name = "Supporting Files";
			sourceTree = "<group>";
		};
/* End PBXGroup section */

/* Begin PBXNativeTarget section */
		9AF1C00C1C9ED3E100AD2FC1 /* youqinghai */ = {
			isa = PBXNativeTarget;
			buildConfigurationList = 9AF1C0241C9ED3E100AD2FC1 /* Build configuration list for PBXNativeTarget "youqinghai" */;
			buildPhases = (
				FEFBAC0DF500D7AF5DC4689D /* Check Pods Manifest.lock */,
				9AF1C0091C9ED3E100AD2FC1 /* Sources */,
				9AF1C00A1C9ED3E100AD2FC1 /* Frameworks */,
				9AF1C00B1C9ED3E100AD2FC1 /* Resources */,
				0F745CED705712B66C78E377 /* Embed Pods Frameworks */,
				077988ECA3ECCB3AC9FE63BC /* Copy Pods Resources */,
			);
			buildRules = (
			);
			dependencies = (
			);
			name = youqinghai;
			productName = youqinghai;
			productReference = 9AF1C00D1C9ED3E100AD2FC1 /* youqinghai.app */;
			productType = "com.apple.product-type.application";
		};
/* End PBXNativeTarget section */

/* Begin PBXProject section */
		9AF1C0051C9ED3E100AD2FC1 /* Project object */ = {
			isa = PBXProject;
			attributes = {
				LastUpgradeCheck = 0720;
				ORGANIZATIONNAME = "舒永超";
				TargetAttributes = {
					9AF1C00C1C9ED3E100AD2FC1 = {
						CreatedOnToolsVersion = 7.2;
					};
				};
			};
			buildConfigurationList = 9AF1C0081C9ED3E100AD2FC1 /* Build configuration list for PBXProject "youqinghai" */;
			compatibilityVersion = "Xcode 3.2";
			developmentRegion = English;
			hasScannedForEncodings = 0;
			knownRegions = (
				en,
				Base,
			);
			mainGroup = 9AF1C0041C9ED3E100AD2FC1;
			productRefGroup = 9AF1C00E1C9ED3E100AD2FC1 /* Products */;
			projectDirPath = "";
			projectRoot = "";
			targets = (
				9AF1C00C1C9ED3E100AD2FC1 /* youqinghai */,
			);
		};
/* End PBXProject section */

/* Begin PBXResourcesBuildPhase section */
		9AF1C00B1C9ED3E100AD2FC1 /* Resources */ = {
			isa = PBXResourcesBuildPhase;
			buildActionMask = 2147483647;
			files = (
				9A637DF51CA59584004D17BA /* TourismDetailController.xib in Resources */,
				9A637DC21CA18993004D17BA /* TempViewController.xib in Resources */,
				9A637DD01CA2DBFF004D17BA /* TourismTypeItemCell.xib in Resources */,
				9A637DC71CA2D7D6004D17BA /* TourismTypeCell.xib in Resources */,
				9A637DEF1CA58846004D17BA /* TouristroutesViewController.xib in Resources */,
				9AB9F1C41CAD781B0091967F /* CarDetailController.xib in Resources */,
				9AF1C0201C9ED3E100AD2FC1 /* LaunchScreen.storyboard in Resources */,
				9A637DD51CA2E580004D17BA /* RecommendTypeCell.xib in Resources */,
				9AD832AE1CAC1B28002CE8B3 /* CarListCell.xib in Resources */,
				9AF1C01D1C9ED3E100AD2FC1 /* Assets.xcassets in Resources */,
				9A637DE71CA44279004D17BA /* RedirectViewController.xib in Resources */,
				9AD832801CAC0EB7002CE8B3 /* CarListViewController.xib in Resources */,
			);
			runOnlyForDeploymentPostprocessing = 0;
		};
/* End PBXResourcesBuildPhase section */

/* Begin PBXShellScriptBuildPhase section */
		077988ECA3ECCB3AC9FE63BC /* Copy Pods Resources */ = {
			isa = PBXShellScriptBuildPhase;
			buildActionMask = 2147483647;
			files = (
			);
			inputPaths = (
			);
			name = "Copy Pods Resources";
			outputPaths = (
			);
			runOnlyForDeploymentPostprocessing = 0;
			shellPath = /bin/sh;
			shellScript = "\"${SRCROOT}/Pods/Target Support Files/Pods/Pods-resources.sh\"\n";
			showEnvVarsInLog = 0;
		};
		0F745CED705712B66C78E377 /* Embed Pods Frameworks */ = {
			isa = PBXShellScriptBuildPhase;
			buildActionMask = 2147483647;
			files = (
			);
			inputPaths = (
			);
			name = "Embed Pods Frameworks";
			outputPaths = (
			);
			runOnlyForDeploymentPostprocessing = 0;
			shellPath = /bin/sh;
			shellScript = "\"${SRCROOT}/Pods/Target Support Files/Pods/Pods-frameworks.sh\"\n";
			showEnvVarsInLog = 0;
		};
		FEFBAC0DF500D7AF5DC4689D /* Check Pods Manifest.lock */ = {
			isa = PBXShellScriptBuildPhase;
			buildActionMask = 2147483647;
			files = (
			);
			inputPaths = (
			);
			name = "Check Pods Manifest.lock";
			outputPaths = (
			);
			runOnlyForDeploymentPostprocessing = 0;
			shellPath = /bin/sh;
			shellScript = "diff \"${PODS_ROOT}/../Podfile.lock\" \"${PODS_ROOT}/Manifest.lock\" > /dev/null\nif [[ $? != 0 ]] ; then\n    cat << EOM\nerror: The sandbox is not in sync with the Podfile.lock. Run 'pod install' or update your CocoaPods installation.\nEOM\n    exit 1\nfi\n";
			showEnvVarsInLog = 0;
		};
/* End PBXShellScriptBuildPhase section */

/* Begin PBXSourcesBuildPhase section */
		9AF1C0091C9ED3E100AD2FC1 /* Sources */ = {
			isa = PBXSourcesBuildPhase;
			buildActionMask = 2147483647;
			files = (
				9AB9F1C71CAD7B880091967F /* CarDetail.m in Sources */,
				9AD832A41CAC1727002CE8B3 /* Recommend.m in Sources */,
				9AD832A21CAC1727002CE8B3 /* Car.m in Sources */,
				9A637DD41CA2E580004D17BA /* RecommendTypeCell.m in Sources */,
				9AF1C0151C9ED3E100AD2FC1 /* AppDelegate.m in Sources */,
				9A637DC61CA2D7D6004D17BA /* TourismTypeCell.m in Sources */,
				9A637DF81CA626C2004D17BA /* CustomMoveItemView.m in Sources */,
				9A637DEE1CA58846004D17BA /* TouristroutesViewController.m in Sources */,
				9AD8327F1CAC0EB7002CE8B3 /* CarListViewController.m in Sources */,
				9AD832A81CAC1727002CE8B3 /* Traveltrip.m in Sources */,
				9A637DB61CA182FB004D17BA /* MainViewModel.m in Sources */,
				9A1FEB4A1C9EF3C90067B8D5 /* GTMBase64.m in Sources */,
				9A1FEB441C9EEA120067B8D5 /* ResponseBaseData.m in Sources */,
				9AD832A71CAC1727002CE8B3 /* TourismType.m in Sources */,
				9AD832661CA96969002CE8B3 /* TourisEvaluateCell.m in Sources */,
				9A1FEB401C9EE4D20067B8D5 /* RequestBaseAPI.m in Sources */,
				9AD832701CAAC5BE002CE8B3 /* NSString+Helper.m in Sources */,
				9A637E041CA6F00C004D17BA /* TourismDetailView.m in Sources */,
				9AD832A31CAC1727002CE8B3 /* HomePageData.m in Sources */,
				9AB9F1BF1CAD64190091967F /* CarTypeTableView.m in Sources */,
				9AD832A11CAC1727002CE8B3 /* Banner.m in Sources */,
				9A1FEB501C9EF44A0067B8D5 /* GTMBase64+Des.m in Sources */,
				9AD832A61CAC1727002CE8B3 /* TourisEvaluate.m in Sources */,
				9A637DCE1CA2DBEE004D17BA /* TourismTypeItemCell.m in Sources */,
				9A637DE61CA44279004D17BA /* RedirectViewController.m in Sources */,
				9AD832891CAC1398002CE8B3 /* CarViewModel.m in Sources */,
				9A1FEB571C9EF69A0067B8D5 /* RequestBaseAPI+User.m in Sources */,
				9AD832A51CAC1727002CE8B3 /* ServiceIntroduction.m in Sources */,
				9A637DB91CA1831F004D17BA /* RequestBaseAPI+Main.m in Sources */,
				9AD832861CAC106D002CE8B3 /* RequestBaseAPI+Car.m in Sources */,
				9A637DF41CA59584004D17BA /* TourismDetailController.m in Sources */,
				9A637DC11CA18993004D17BA /* TempViewController.m in Sources */,
				9A637DCB1CA2D8AC004D17BA /* UIView+Helper.m in Sources */,
				9AD832A91CAC1727002CE8B3 /* Trip.m in Sources */,
				9A1FEB3B1C9EE1770067B8D5 /* BaseViewController.m in Sources */,
				9A637DBD1CA18711004D17BA /* MainViewController.m in Sources */,
				9AD8326D1CAAC579002CE8B3 /* ServiceIntroductionView.m in Sources */,
				9AF1C0121C9ED3E100AD2FC1 /* main.m in Sources */,
				9AB9F1C31CAD781B0091967F /* CarDetailController.m in Sources */,
				9AD832AC1CAC1B16002CE8B3 /* CarListCell.m in Sources */,
				9AD8325F1CA959C5002CE8B3 /* TourisEvaluateView.m in Sources */,
			);
			runOnlyForDeploymentPostprocessing = 0;
		};
/* End PBXSourcesBuildPhase section */

/* Begin PBXVariantGroup section */
		9AF1C01E1C9ED3E100AD2FC1 /* LaunchScreen.storyboard */ = {
			isa = PBXVariantGroup;
			children = (
				9AF1C01F1C9ED3E100AD2FC1 /* Base */,
			);
			name = LaunchScreen.storyboard;
			sourceTree = "<group>";
		};
/* End PBXVariantGroup section */

/* Begin XCBuildConfiguration section */
		9AF1C0221C9ED3E100AD2FC1 /* Debug */ = {
			isa = XCBuildConfiguration;
			buildSettings = {
				ALWAYS_SEARCH_USER_PATHS = NO;
				CLANG_CXX_LANGUAGE_STANDARD = "gnu++0x";
				CLANG_CXX_LIBRARY = "libc++";
				CLANG_ENABLE_MODULES = YES;
				CLANG_ENABLE_OBJC_ARC = YES;
				CLANG_WARN_BOOL_CONVERSION = YES;
				CLANG_WARN_CONSTANT_CONVERSION = YES;
				CLANG_WARN_DIRECT_OBJC_ISA_USAGE = YES_ERROR;
				CLANG_WARN_EMPTY_BODY = YES;
				CLANG_WARN_ENUM_CONVERSION = YES;
				CLANG_WARN_INT_CONVERSION = YES;
				CLANG_WARN_OBJC_ROOT_CLASS = YES_ERROR;
				CLANG_WARN_UNREACHABLE_CODE = YES;
				CLANG_WARN__DUPLICATE_METHOD_MATCH = YES;
				"CODE_SIGN_IDENTITY[sdk=iphoneos*]" = "iPhone Developer";
				COPY_PHASE_STRIP = NO;
				DEBUG_INFORMATION_FORMAT = dwarf;
				ENABLE_STRICT_OBJC_MSGSEND = YES;
				ENABLE_TESTABILITY = YES;
				GCC_C_LANGUAGE_STANDARD = gnu99;
				GCC_DYNAMIC_NO_PIC = NO;
				GCC_NO_COMMON_BLOCKS = YES;
				GCC_OPTIMIZATION_LEVEL = 0;
				GCC_PREPROCESSOR_DEFINITIONS = (
					"DEBUG=1",
					"$(inherited)",
				);
				GCC_WARN_64_TO_32_BIT_CONVERSION = YES;
				GCC_WARN_ABOUT_RETURN_TYPE = YES_ERROR;
				GCC_WARN_UNDECLARED_SELECTOR = YES;
				GCC_WARN_UNINITIALIZED_AUTOS = YES_AGGRESSIVE;
				GCC_WARN_UNUSED_FUNCTION = YES;
				GCC_WARN_UNUSED_VARIABLE = YES;
				IPHONEOS_DEPLOYMENT_TARGET = 9.2;
				MTL_ENABLE_DEBUG_INFO = YES;
				ONLY_ACTIVE_ARCH = YES;
				SDKROOT = iphoneos;
			};
			name = Debug;
		};
		9AF1C0231C9ED3E100AD2FC1 /* Release */ = {
			isa = XCBuildConfiguration;
			buildSettings = {
				ALWAYS_SEARCH_USER_PATHS = NO;
				CLANG_CXX_LANGUAGE_STANDARD = "gnu++0x";
				CLANG_CXX_LIBRARY = "libc++";
				CLANG_ENABLE_MODULES = YES;
				CLANG_ENABLE_OBJC_ARC = YES;
				CLANG_WARN_BOOL_CONVERSION = YES;
				CLANG_WARN_CONSTANT_CONVERSION = YES;
				CLANG_WARN_DIRECT_OBJC_ISA_USAGE = YES_ERROR;
				CLANG_WARN_EMPTY_BODY = YES;
				CLANG_WARN_ENUM_CONVERSION = YES;
				CLANG_WARN_INT_CONVERSION = YES;
				CLANG_WARN_OBJC_ROOT_CLASS = YES_ERROR;
				CLANG_WARN_UNREACHABLE_CODE = YES;
				CLANG_WARN__DUPLICATE_METHOD_MATCH = YES;
				"CODE_SIGN_IDENTITY[sdk=iphoneos*]" = "iPhone Developer";
				COPY_PHASE_STRIP = NO;
				DEBUG_INFORMATION_FORMAT = "dwarf-with-dsym";
				ENABLE_NS_ASSERTIONS = NO;
				ENABLE_STRICT_OBJC_MSGSEND = YES;
				GCC_C_LANGUAGE_STANDARD = gnu99;
				GCC_NO_COMMON_BLOCKS = YES;
				GCC_WARN_64_TO_32_BIT_CONVERSION = YES;
				GCC_WARN_ABOUT_RETURN_TYPE = YES_ERROR;
				GCC_WARN_UNDECLARED_SELECTOR = YES;
				GCC_WARN_UNINITIALIZED_AUTOS = YES_AGGRESSIVE;
				GCC_WARN_UNUSED_FUNCTION = YES;
				GCC_WARN_UNUSED_VARIABLE = YES;
				IPHONEOS_DEPLOYMENT_TARGET = 9.2;
				MTL_ENABLE_DEBUG_INFO = NO;
				SDKROOT = iphoneos;
				VALIDATE_PRODUCT = YES;
			};
			name = Release;
		};
		9AF1C0251C9ED3E100AD2FC1 /* Debug */ = {
			isa = XCBuildConfiguration;
			baseConfigurationReference = 79047B0703E19E40A713B1AD /* Pods.debug.xcconfig */;
			buildSettings = {
				ASSETCATALOG_COMPILER_APPICON_NAME = AppIcon;
				GCC_PRECOMPILE_PREFIX_HEADER = YES;
				GCC_PREFIX_HEADER = youqinghai/PrefixHeader.pch;
				INFOPLIST_FILE = youqinghai/Info.plist;
				IPHONEOS_DEPLOYMENT_TARGET = 7.0;
				LD_RUNPATH_SEARCH_PATHS = "$(inherited) @executable_path/Frameworks";
				PRODUCT_BUNDLE_IDENTIFIER = com.cn.youqinghai;
				PRODUCT_NAME = "$(TARGET_NAME)";
			};
			name = Debug;
		};
		9AF1C0261C9ED3E100AD2FC1 /* Release */ = {
			isa = XCBuildConfiguration;
			baseConfigurationReference = 9F1F24795402E64451E9B903 /* Pods.release.xcconfig */;
			buildSettings = {
				ASSETCATALOG_COMPILER_APPICON_NAME = AppIcon;
				GCC_PRECOMPILE_PREFIX_HEADER = YES;
				GCC_PREFIX_HEADER = youqinghai/PrefixHeader.pch;
				INFOPLIST_FILE = youqinghai/Info.plist;
				IPHONEOS_DEPLOYMENT_TARGET = 7.0;
				LD_RUNPATH_SEARCH_PATHS = "$(inherited) @executable_path/Frameworks";
				PRODUCT_BUNDLE_IDENTIFIER = com.cn.youqinghai;
				PRODUCT_NAME = "$(TARGET_NAME)";
			};
			name = Release;
		};
/* End XCBuildConfiguration section */

/* Begin XCConfigurationList section */
		9AF1C0081C9ED3E100AD2FC1 /* Build configuration list for PBXProject "youqinghai" */ = {
			isa = XCConfigurationList;
			buildConfigurations = (
				9AF1C0221C9ED3E100AD2FC1 /* Debug */,
				9AF1C0231C9ED3E100AD2FC1 /* Release */,
			);
			defaultConfigurationIsVisible = 0;
			defaultConfigurationName = Release;
		};
		9AF1C0241C9ED3E100AD2FC1 /* Build configuration list for PBXNativeTarget "youqinghai" */ = {
			isa = XCConfigurationList;
			buildConfigurations = (
				9AF1C0251C9ED3E100AD2FC1 /* Debug */,
				9AF1C0261C9ED3E100AD2FC1 /* Release */,
			);
			defaultConfigurationIsVisible = 0;
			defaultConfigurationName = Release;
		};
/* End XCConfigurationList section */
	};
	rootObject = 9AF1C0051C9ED3E100AD2FC1 /* Project object */;
}
